
Microsoft Visual Studio Solution File, Format Version 12.00
# Visual Studio Version 17
VisualStudioVersion = 17.9.34728.123
MinimumVisualStudioVersion = 10.0.40219.1
Project("{2150E333-8FDC-42A3-9474-1A3956D46DE8}") = "src", "src", "{D0C78766-D032-4AB4-A3B1-163BC485CBCC}"
EndProject
Project("{9A19103F-16F7-4668-BE54-9A1E7A4F7556}") = "RTSYS.API", "RTSYS.API\RTSYS.API.csproj", "{969539A7-60B6-488A-905C-D0B366D068C5}"
EndProject
Project("{9A19103F-16F7-4668-BE54-9A1E7A4F7556}") = "RTSYS.CLI", "RTSYS.CLI\RTSYS.CLI.csproj", "{7B434F12-1697-47C9-8FAB-04972048722D}"
EndProject
Project("{9A19103F-16F7-4668-BE54-9A1E7A4F7556}") = "Mock.API", "..\MockAPI\Mock.API\Mock.API.csproj", "{C0675475-901E-422F-B027-4372C1D98B91}"
EndProject
Project("{FAE04EC0-301F-11D3-BF4B-00C04F79EFBC}") = "RTSYS.Business", "RTSYS.Business\RTSYS.Business.csproj", "{BF32448A-D467-4536-9662-6F30E6C3CE3C}"
EndProject
Project("{FAE04EC0-301F-11D3-BF4B-00C04F79EFBC}") = "RTSYS.Infra", "RTSYS.Infra\RTSYS.Infra.csproj", "{54E8B600-47E5-4EA1-8AF5-2242B9DE818C}"
EndProject
Global
	GlobalSection(SolutionConfigurationPlatforms) = preSolution
		Debug|Any CPU = Debug|Any CPU
		Release|Any CPU = Release|Any CPU
	EndGlobalSection
	GlobalSection(ProjectConfigurationPlatforms) = postSolution
		{969539A7-60B6-488A-905C-D0B366D068C5}.Debug|Any CPU.ActiveCfg = Debug|Any CPU
		{969539A7-60B6-488A-905C-D0B366D068C5}.Debug|Any CPU.Build.0 = Debug|Any CPU
		{969539A7-60B6-488A-905C-D0B366D068C5}.Release|Any CPU.ActiveCfg = Release|Any CPU
		{969539A7-60B6-488A-905C-D0B366D068C5}.Release|Any CPU.Build.0 = Release|Any CPU
		{7B434F12-1697-47C9-8FAB-04972048722D}.Debug|Any CPU.ActiveCfg = Debug|Any CPU
		{7B434F12-1697-47C9-8FAB-04972048722D}.Debug|Any CPU.Build.0 = Debug|Any CPU
		{7B434F12-1697-47C9-8FAB-04972048722D}.Release|Any CPU.ActiveCfg = Release|Any CPU
		{7B434F12-1697-47C9-8FAB-04972048722D}.Release|Any CPU.Build.0 = Release|Any CPU
		{C0675475-901E-422F-B027-4372C1D98B91}.Debug|Any CPU.ActiveCfg = Debug|Any CPU
		{C0675475-901E-422F-B027-4372C1D98B91}.Debug|Any CPU.Build.0 = Debug|Any CPU
		{C0675475-901E-422F-B027-4372C1D98B91}.Release|Any CPU.ActiveCfg = Release|Any CPU
		{C0675475-901E-422F-B027-4372C1D98B91}.Release|Any CPU.Build.0 = Release|Any CPU
		{BF32448A-D467-4536-9662-6F30E6C3CE3C}.Debug|Any CPU.ActiveCfg = Debug|Any CPU
		{BF32448A-D467-4536-9662-6F30E6C3CE3C}.Debug|Any CPU.Build.0 = Debug|Any CPU
		{BF32448A-D467-4536-9662-6F30E6C3CE3C}.Release|Any CPU.ActiveCfg = Release|Any CPU
		{BF32448A-D467-4536-9662-6F30E6C3CE3C}.Release|Any CPU.Build.0 = Release|Any CPU
		{54E8B600-47E5-4EA1-8AF5-2242B9DE818C}.Debug|Any CPU.ActiveCfg = Debug|Any CPU
		{54E8B600-47E5-4EA1-8AF5-2242B9DE818C}.Debug|Any CPU.Build.0 = Debug|Any CPU
		{54E8B600-47E5-4EA1-8AF5-2242B9DE818C}.Release|Any CPU.ActiveCfg = Release|Any CPU
		{54E8B600-47E5-4EA1-8AF5-2242B9DE818C}.Release|Any CPU.Build.0 = Release|Any CPU
	EndGlobalSection
	GlobalSection(SolutionProperties) = preSolution
		HideSolutionNode = FALSE
	EndGlobalSection
	GlobalSection(NestedProjects) = preSolution
		{969539A7-60B6-488A-905C-D0B366D068C5} = {D0C78766-D032-4AB4-A3B1-163BC485CBCC}
		{7B434F12-1697-47C9-8FAB-04972048722D} = {D0C78766-D032-4AB4-A3B1-163BC485CBCC}
		{C0675475-901E-422F-B027-4372C1D98B91} = {D0C78766-D032-4AB4-A3B1-163BC485CBCC}
		{BF32448A-D467-4536-9662-6F30E6C3CE3C} = {D0C78766-D032-4AB4-A3B1-163BC485CBCC}
		{54E8B600-47E5-4EA1-8AF5-2242B9DE818C} = {D0C78766-D032-4AB4-A3B1-163BC485CBCC}
	EndGlobalSection
	GlobalSection(ExtensibilityGlobals) = postSolution
		SolutionGuid = {4C698DB4-98AE-4FBD-BA52-04B01973DB76}
	EndGlobalSection
EndGlobal
